
Microsoft Visual Studio Solution File, Format Version 12.00
# Visual Studio 2012
Project("{FAE04EC0-301F-11D3-BF4B-00C04F79EFBC}") = "DesignPatterns", "DesignPatterns\DesignPatterns.csproj", "{EED408AC-3254-4B0A-86CD-55DDF8D0A01A}"
EndProject
Global
	GlobalSection(SolutionConfigurationPlatforms) = preSolution
		Debug|x86 = Debug|x86
		Release|x86 = Release|x86
	EndGlobalSection
	GlobalSection(ProjectConfigurationPlatforms) = postSolution
		{EED408AC-3254-4B0A-86CD-55DDF8D0A01A}.Debug|x86.ActiveCfg = Debug|x86
		{EED408AC-3254-4B0A-86CD-55DDF8D0A01A}.Debug|x86.Build.0 = Debug|x86
		{EED408AC-3254-4B0A-86CD-55DDF8D0A01A}.Release|x86.ActiveCfg = Release|x86
		{EED408AC-3254-4B0A-86CD-55DDF8D0A01A}.Release|x86.Build.0 = Release|x86
	EndGlobalSection
EndGlobal
